// !$*UTF8*$!
{
	archiveVersion = 1;
	classes = {
	};
	objectVersion = 50;
	objects = {

/* Begin PBXBuildFile section */
		752AB3B522A78FB000710351 /* AppDelegate.swift in Sources */ = {isa = PBXBuildFile; fileRef = 752AB3B422A78FB000710351 /* AppDelegate.swift */; };
		752AB3B722A78FB000710351 /* ViewController.swift in Sources */ = {isa = PBXBuildFile; fileRef = 752AB3B622A78FB000710351 /* ViewController.swift */; };
		752AB3BA22A78FB000710351 /* Main.storyboard in Resources */ = {isa = PBXBuildFile; fileRef = 752AB3B822A78FB000710351 /* Main.storyboard */; };
		752AB3BC22A78FBB00710351 /* Assets.xcassets in Resources */ = {isa = PBXBuildFile; fileRef = 752AB3BB22A78FBB00710351 /* Assets.xcassets */; };
		752AB3BF22A78FBB00710351 /* LaunchScreen.storyboard in Resources */ = {isa = PBXBuildFile; fileRef = 752AB3BD22A78FBB00710351 /* LaunchScreen.storyboard */; };
		752AB3C822A7902D00710351 /* BusinessBase.swift in Sources */ = {isa = PBXBuildFile; fileRef = 752AB3C722A7902D00710351 /* BusinessBase.swift */; };
		752AB3CA22A795DA00710351 /* BusinessA.swift in Sources */ = {isa = PBXBuildFile; fileRef = 752AB3C922A795DA00710351 /* BusinessA.swift */; };
		752AB3CC22A7965800710351 /* BusinessB.swift in Sources */ = {isa = PBXBuildFile; fileRef = 752AB3CB22A7965800710351 /* BusinessB.swift */; };
		752AB3CE22A7966400710351 /* BusinessC.swift in Sources */ = {isa = PBXBuildFile; fileRef = 752AB3CD22A7966400710351 /* BusinessC.swift */; };
		752AB3D122A7BA3900710351 /* BaseTable.swift in Sources */ = {isa = PBXBuildFile; fileRef = 752AB3D022A7BA3900710351 /* BaseTable.swift */; };
		752AB3D322A7BA4600710351 /* BaseData.swift in Sources */ = {isa = PBXBuildFile; fileRef = 752AB3D222A7BA4600710351 /* BaseData.swift */; };
		752AB3D522A7BA6500710351 /* TableA1.swift in Sources */ = {isa = PBXBuildFile; fileRef = 752AB3D422A7BA6500710351 /* TableA1.swift */; };
		752AB3D722A7BA7400710351 /* TableA2.swift in Sources */ = {isa = PBXBuildFile; fileRef = 752AB3D622A7BA7400710351 /* TableA2.swift */; };
		752AB3D922A7BAD100710351 /* DataB1.swift in Sources */ = {isa = PBXBuildFile; fileRef = 752AB3D822A7BAD100710351 /* DataB1.swift */; };
		752AB3DB22A7BAD900710351 /* DataB2.swift in Sources */ = {isa = PBXBuildFile; fileRef = 752AB3DA22A7BAD900710351 /* DataB2.swift */; };
/* End PBXBuildFile section */

/* Begin PBXFileReference section */
		752AB3B122A78FB000710351 /* DesignPattern.app */ = {isa = PBXFileReference; explicitFileType = wrapper.application; includeInIndex = 0; path = DesignPattern.app; sourceTree = BUILT_PRODUCTS_DIR; };
		752AB3B422A78FB000710351 /* AppDelegate.swift */ = {isa = PBXFileReference; lastKnownFileType = sourcecode.swift; path = AppDelegate.swift; sourceTree = "<group>"; };
		752AB3B622A78FB000710351 /* ViewController.swift */ = {isa = PBXFileReference; lastKnownFileType = sourcecode.swift; path = ViewController.swift; sourceTree = "<group>"; };
		752AB3B922A78FB000710351 /* Base */ = {isa = PBXFileReference; lastKnownFileType = file.storyboard; name = Base; path = Base.lproj/Main.storyboard; sourceTree = "<group>"; };
		752AB3BB22A78FBB00710351 /* Assets.xcassets */ = {isa = PBXFileReference; lastKnownFileType = folder.assetcatalog; path = Assets.xcassets; sourceTree = "<group>"; };
		752AB3BE22A78FBB00710351 /* Base */ = {isa = PBXFileReference; lastKnownFileType = file.storyboard; name = Base; path = Base.lproj/LaunchScreen.storyboard; sourceTree = "<group>"; };
		752AB3C022A78FBB00710351 /* Info.plist */ = {isa = PBXFileReference; lastKnownFileType = text.plist.xml; path = Info.plist; sourceTree = "<group>"; };
		752AB3C722A7902D00710351 /* BusinessBase.swift */ = {isa = PBXFileReference; lastKnownFileType = sourcecode.swift; path = BusinessBase.swift; sourceTree = "<group>"; };
		752AB3C922A795DA00710351 /* BusinessA.swift */ = {isa = PBXFileReference; lastKnownFileType = sourcecode.swift; path = BusinessA.swift; sourceTree = "<group>"; };
		752AB3CB22A7965800710351 /* BusinessB.swift */ = {isa = PBXFileReference; lastKnownFileType = sourcecode.swift; path = BusinessB.swift; sourceTree = "<group>"; };
		752AB3CD22A7966400710351 /* BusinessC.swift */ = {isa = PBXFileReference; lastKnownFileType = sourcecode.swift; path = BusinessC.swift; sourceTree = "<group>"; };
		752AB3D022A7BA3900710351 /* BaseTable.swift */ = {isa = PBXFileReference; lastKnownFileType = sourcecode.swift; path = BaseTable.swift; sourceTree = "<group>"; };
		752AB3D222A7BA4600710351 /* BaseData.swift */ = {isa = PBXFileReference; lastKnownFileType = sourcecode.swift; path = BaseData.swift; sourceTree = "<group>"; };
		752AB3D422A7BA6500710351 /* TableA1.swift */ = {isa = PBXFileReference; lastKnownFileType = sourcecode.swift; path = TableA1.swift; sourceTree = "<group>"; };
		752AB3D622A7BA7400710351 /* TableA2.swift */ = {isa = PBXFileReference; lastKnownFileType = sourcecode.swift; path = TableA2.swift; sourceTree = "<group>"; };
		752AB3D822A7BAD100710351 /* DataB1.swift */ = {isa = PBXFileReference; lastKnownFileType = sourcecode.swift; path = DataB1.swift; sourceTree = "<group>"; };
		752AB3DA22A7BAD900710351 /* DataB2.swift */ = {isa = PBXFileReference; lastKnownFileType = sourcecode.swift; path = DataB2.swift; sourceTree = "<group>"; };
/* End PBXFileReference section */

/* Begin PBXFrameworksBuildPhase section */
		752AB3AE22A78FB000710351 /* Frameworks */ = {
			isa = PBXFrameworksBuildPhase;
			buildActionMask = 2147483647;
			files = (
			);
			runOnlyForDeploymentPostprocessing = 0;
		};
/* End PBXFrameworksBuildPhase section */

/* Begin PBXGroup section */
		752AB3A822A78FB000710351 = {
			isa = PBXGroup;
			children = (
				752AB3B322A78FB000710351 /* DesignPattern */,
				752AB3B222A78FB000710351 /* Products */,
			);
			sourceTree = "<group>";
		};
		752AB3B222A78FB000710351 /* Products */ = {
			isa = PBXGroup;
			children = (
				752AB3B122A78FB000710351 /* DesignPattern.app */,
			);
			name = Products;
			sourceTree = "<group>";
		};
		752AB3B322A78FB000710351 /* DesignPattern */ = {
			isa = PBXGroup;
			children = (
				752AB3CF22A7B89200710351 /* Bridge */,
				752AB3C622A78FE000710351 /* Responder */,
				752AB3B422A78FB000710351 /* AppDelegate.swift */,
				752AB3B622A78FB000710351 /* ViewController.swift */,
				752AB3B822A78FB000710351 /* Main.storyboard */,
				752AB3BB22A78FBB00710351 /* Assets.xcassets */,
				752AB3BD22A78FBB00710351 /* LaunchScreen.storyboard */,
				752AB3C022A78FBB00710351 /* Info.plist */,
			);
			path = DesignPattern;
			sourceTree = "<group>";
		};
		752AB3C622A78FE000710351 /* Responder */ = {
			isa = PBXGroup;
			children = (
				752AB3C722A7902D00710351 /* BusinessBase.swift */,
				752AB3C922A795DA00710351 /* BusinessA.swift */,
				752AB3CB22A7965800710351 /* BusinessB.swift */,
				752AB3CD22A7966400710351 /* BusinessC.swift */,
			);
			path = Responder;
			sourceTree = "<group>";
		};
		752AB3CF22A7B89200710351 /* Bridge */ = {
			isa = PBXGroup;
			children = (
				752AB3D022A7BA3900710351 /* BaseTable.swift */,
				752AB3D422A7BA6500710351 /* TableA1.swift */,
				752AB3D622A7BA7400710351 /* TableA2.swift */,
				752AB3D222A7BA4600710351 /* BaseData.swift */,
				752AB3D822A7BAD100710351 /* DataB1.swift */,
				752AB3DA22A7BAD900710351 /* DataB2.swift */,
			);
			path = Bridge;
			sourceTree = "<group>";
		};
/* End PBXGroup section */

/* Begin PBXNativeTarget section */
		752AB3B022A78FB000710351 /* DesignPattern */ = {
			isa = PBXNativeTarget;
			buildConfigurationList = 752AB3C322A78FBB00710351 /* Build configuration list for PBXNativeTarget "DesignPattern" */;
			buildPhases = (
				752AB3AD22A78FB000710351 /* Sources */,
				752AB3AE22A78FB000710351 /* Frameworks */,
				752AB3AF22A78FB000710351 /* Resources */,
			);
			buildRules = (
			);
			dependencies = (
			);
			name = DesignPattern;
			productName = DesignPattern;
			productReference = 752AB3B122A78FB000710351 /* DesignPattern.app */;
			productType = "com.apple.product-type.application";
		};
/* End PBXNativeTarget section */

/* Begin PBXProject section */
		752AB3A922A78FB000710351 /* Project object */ = {
			isa = PBXProject;
			attributes = {
				LastSwiftUpdateCheck = 1020;
				LastUpgradeCheck = 1020;
				ORGANIZATIONNAME = Tonio;
				TargetAttributes = {
					752AB3B022A78FB000710351 = {
						CreatedOnToolsVersion = 10.2.1;
					};
				};
			};
			buildConfigurationList = 752AB3AC22A78FB000710351 /* Build configuration list for PBXProject "DesignPattern" */;
			compatibilityVersion = "Xcode 9.3";
			developmentRegion = en;
			hasScannedForEncodings = 0;
			knownRegions = (
				en,
				Base,
			);
			mainGroup = 752AB3A822A78FB000710351;
			productRefGroup = 752AB3B222A78FB000710351 /* Products */;
			projectDirPath = "";
			projectRoot = "";
			targets = (
				752AB3B022A78FB000710351 /* DesignPattern */,
			);
		};
/* End PBXProject section */

/* Begin PBXResourcesBuildPhase section */
		752AB3AF22A78FB000710351 /* Resources */ = {
			isa = PBXResourcesBuildPhase;
			buildActionMask = 2147483647;
			files = (
				752AB3BF22A78FBB00710351 /* LaunchScreen.storyboard in Resources */,
				752AB3BC22A78FBB00710351 /* Assets.xcassets in Resources */,
				752AB3BA22A78FB000710351 /* Main.storyboard in Resources */,
			);
			runOnlyForDeploymentPostprocessing = 0;
		};
/* End PBXResourcesBuildPhase section */

/* Begin PBXSourcesBuildPhase section */
		752AB3AD22A78FB000710351 /* Sources */ = {
			isa = PBXSourcesBuildPhase;
			buildActionMask = 2147483647;
			files = (
				752AB3D922A7BAD100710351 /* DataB1.swift in Sources */,
				752AB3B722A78FB000710351 /* ViewController.swift in Sources */,
				752AB3D122A7BA3900710351 /* BaseTable.swift in Sources */,
				752AB3D522A7BA6500710351 /* TableA1.swift in Sources */,
				752AB3CE22A7966400710351 /* BusinessC.swift in Sources */,
				752AB3C822A7902D00710351 /* BusinessBase.swift in Sources */,
				752AB3CC22A7965800710351 /* BusinessB.swift in Sources */,
				752AB3B522A78FB000710351 /* AppDelegate.swift in Sources */,
				752AB3D322A7BA4600710351 /* BaseData.swift in Sources */,
				752AB3DB22A7BAD900710351 /* DataB2.swift in Sources */,
				752AB3CA22A795DA00710351 /* BusinessA.swift in Sources */,
				752AB3D722A7BA7400710351 /* TableA2.swift in Sources */,
			);
			runOnlyForDeploymentPostprocessing = 0;
		};
/* End PBXSourcesBuildPhase section */

/* Begin PBXVariantGroup section */
		752AB3B822A78FB000710351 /* Main.storyboard */ = {
			isa = PBXVariantGroup;
			children = (
				752AB3B922A78FB000710351 /* Base */,
			);
			name = Main.storyboard;
			sourceTree = "<group>";
		};
		752AB3BD22A78FBB00710351 /* LaunchScreen.storyboard */ = {
			isa = PBXVariantGroup;
			children = (
				752AB3BE22A78FBB00710351 /* Base */,
			);
			name = LaunchScreen.storyboard;
			sourceTree = "<group>";
		};
/* End PBXVariantGroup section */

/* Begin XCBuildConfiguration section */
		752AB3C122A78FBB00710351 /* Debug */ = {
			isa = XCBuildConfiguration;
			buildSettings = {
				ALWAYS_SEARCH_USER_PATHS = NO;
				CLANG_ANALYZER_NONNULL = YES;
				CLANG_ANALYZER_NUMBER_OBJECT_CONVERSION = YES_AGGRESSIVE;
				CLANG_CXX_LANGUAGE_STANDARD = "gnu++14";
				CLANG_CXX_LIBRARY = "libc++";
				CLANG_ENABLE_MODULES = YES;
				CLANG_ENABLE_OBJC_ARC = YES;
				CLANG_ENABLE_OBJC_WEAK = YES;
				CLANG_WARN_BLOCK_CAPTURE_AUTORELEASING = YES;
				CLANG_WARN_BOOL_CONVERSION = YES;
				CLANG_WARN_COMMA = YES;
				CLANG_WARN_CONSTANT_CONVERSION = YES;
				CLANG_WARN_DEPRECATED_OBJC_IMPLEMENTATIONS = YES;
				CLANG_WARN_DIRECT_OBJC_ISA_USAGE = YES_ERROR;
				CLANG_WARN_DOCUMENTATION_COMMENTS = YES;
				CLANG_WARN_EMPTY_BODY = YES;
				CLANG_WARN_ENUM_CONVERSION = YES;
				CLANG_WARN_INFINITE_RECURSION = YES;
				CLANG_WARN_INT_CONVERSION = YES;
				CLANG_WARN_NON_LITERAL_NULL_CONVERSION = YES;
				CLANG_WARN_OBJC_IMPLICIT_RETAIN_SELF = YES;
				CLANG_WARN_OBJC_LITERAL_CONVERSION = YES;
				CLANG_WARN_OBJC_ROOT_CLASS = YES_ERROR;
				CLANG_WARN_RANGE_LOOP_ANALYSIS = YES;
				CLANG_WARN_STRICT_PROTOTYPES = YES;
				CLANG_WARN_SUSPICIOUS_MOVE = YES;
				CLANG_WARN_UNGUARDED_AVAILABILITY = YES_AGGRESSIVE;
				CLANG_WARN_UNREACHABLE_CODE = YES;
				CLANG_WARN__DUPLICATE_METHOD_MATCH = YES;
				CODE_SIGN_IDENTITY = "iPhone Developer";
				COPY_PHASE_STRIP = NO;
				DEBUG_INFORMATION_FORMAT = dwarf;
				ENABLE_STRICT_OBJC_MSGSEND = YES;
				ENABLE_TESTABILITY = YES;
				GCC_C_LANGUAGE_STANDARD = gnu11;
				GCC_DYNAMIC_NO_PIC = NO;
				GCC_NO_COMMON_BLOCKS = YES;
				GCC_OPTIMIZATION_LEVEL = 0;
				GCC_PREPROCESSOR_DEFINITIONS = (
					"DEBUG=1",
					"$(inherited)",
				);
				GCC_WARN_64_TO_32_BIT_CONVERSION = YES;
				GCC_WARN_ABOUT_RETURN_TYPE = YES_ERROR;
				GCC_WARN_UNDECLARED_SELECTOR = YES;
				GCC_WARN_UNINITIALIZED_AUTOS = YES_AGGRESSIVE;
				GCC_WARN_UNUSED_FUNCTION = YES;
				GCC_WARN_UNUSED_VARIABLE = YES;
				IPHONEOS_DEPLOYMENT_TARGET = 12.2;
				MTL_ENABLE_DEBUG_INFO = INCLUDE_SOURCE;
				MTL_FAST_MATH = YES;
				ONLY_ACTIVE_ARCH = YES;
				SDKROOT = iphoneos;
				SWIFT_ACTIVE_COMPILATION_CONDITIONS = DEBUG;
				SWIFT_OPTIMIZATION_LEVEL = "-Onone";
			};
			name = Debug;
		};
		752AB3C222A78FBB00710351 /* Release */ = {
			isa = XCBuildConfiguration;
			buildSettings = {
				ALWAYS_SEARCH_USER_PATHS = NO;
				CLANG_ANALYZER_NONNULL = YES;
				CLANG_ANALYZER_NUMBER_OBJECT_CONVERSION = YES_AGGRESSIVE;
				CLANG_CXX_LANGUAGE_STANDARD = "gnu++14";
				CLANG_CXX_LIBRARY = "libc++";
				CLANG_ENABLE_MODULES = YES;
				CLANG_ENABLE_OBJC_ARC = YES;
				CLANG_ENABLE_OBJC_WEAK = YES;
				CLANG_WARN_BLOCK_CAPTURE_AUTORELEASING = YES;
				CLANG_WARN_BOOL_CONVERSION = YES;
				CLANG_WARN_COMMA = YES;
				CLANG_WARN_CONSTANT_CONVERSION = YES;
				CLANG_WARN_DEPRECATED_OBJC_IMPLEMENTATIONS = YES;
				CLANG_WARN_DIRECT_OBJC_ISA_USAGE = YES_ERROR;
				CLANG_WARN_DOCUMENTATION_COMMENTS = YES;
				CLANG_WARN_EMPTY_BODY = YES;
				CLANG_WARN_ENUM_CONVERSION = YES;
				CLANG_WARN_INFINITE_RECURSION = YES;
				CLANG_WARN_INT_CONVERSION = YES;
				CLANG_WARN_NON_LITERAL_NULL_CONVERSION = YES;
				CLANG_WARN_OBJC_IMPLICIT_RETAIN_SELF = YES;
				CLANG_WARN_OBJC_LITERAL_CONVERSION = YES;
				CLANG_WARN_OBJC_ROOT_CLASS = YES_ERROR;
				CLANG_WARN_RANGE_LOOP_ANALYSIS = YES;
				CLANG_WARN_STRICT_PROTOTYPES = YES;
				CLANG_WARN_SUSPICIOUS_MOVE = YES;
				CLANG_WARN_UNGUARDED_AVAILABILITY = YES_AGGRESSIVE;
				CLANG_WARN_UNREACHABLE_CODE = YES;
				CLANG_WARN__DUPLICATE_METHOD_MATCH = YES;
				CODE_SIGN_IDENTITY = "iPhone Developer";
				COPY_PHASE_STRIP = NO;
				DEBUG_INFORMATION_FORMAT = "dwarf-with-dsym";
				ENABLE_NS_ASSERTIONS = NO;
				ENABLE_STRICT_OBJC_MSGSEND = YES;
				GCC_C_LANGUAGE_STANDARD = gnu11;
				GCC_NO_COMMON_BLOCKS = YES;
				GCC_WARN_64_TO_32_BIT_CONVERSION = YES;
				GCC_WARN_ABOUT_RETURN_TYPE = YES_ERROR;
				GCC_WARN_UNDECLARED_SELECTOR = YES;
				GCC_WARN_UNINITIALIZED_AUTOS = YES_AGGRESSIVE;
				GCC_WARN_UNUSED_FUNCTION = YES;
				GCC_WARN_UNUSED_VARIABLE = YES;
				IPHONEOS_DEPLOYMENT_TARGET = 12.2;
				MTL_ENABLE_DEBUG_INFO = NO;
				MTL_FAST_MATH = YES;
				SDKROOT = iphoneos;
				SWIFT_COMPILATION_MODE = wholemodule;
				SWIFT_OPTIMIZATION_LEVEL = "-O";
				VALIDATE_PRODUCT = YES;
			};
			name = Release;
		};
		752AB3C422A78FBB00710351 /* Debug */ = {
			isa = XCBuildConfiguration;
			buildSettings = {
				ASSETCATALOG_COMPILER_APPICON_NAME = AppIcon;
				CODE_SIGN_STYLE = Automatic;
				INFOPLIST_FILE = DesignPattern/Info.plist;
				LD_RUNPATH_SEARCH_PATHS = (
					"$(inherited)",
					"@executable_path/Frameworks",
				);
				PRODUCT_BUNDLE_IDENTIFIER = ml.toony.DesignPattern;
				PRODUCT_NAME = "$(TARGET_NAME)";
				SWIFT_VERSION = 5.0;
				TARGETED_DEVICE_FAMILY = "1,2";
			};
			name = Debug;
		};
		752AB3C522A78FBB00710351 /* Release */ = {
			isa = XCBuildConfiguration;
			buildSettings = {
				ASSETCATALOG_COMPILER_APPICON_NAME = AppIcon;
				CODE_SIGN_STYLE = Automatic;
				INFOPLIST_FILE = DesignPattern/Info.plist;
				LD_RUNPATH_SEARCH_PATHS = (
					"$(inherited)",
					"@executable_path/Frameworks",
				);
				PRODUCT_BUNDLE_IDENTIFIER = ml.toony.DesignPattern;
				PRODUCT_NAME = "$(TARGET_NAME)";
				SWIFT_VERSION = 5.0;
				TARGETED_DEVICE_FAMILY = "1,2";
			};
			name = Release;
		};
/* End XCBuildConfiguration section */

/* Begin XCConfigurationList section */
		752AB3AC22A78FB000710351 /* Build configuration list for PBXProject "DesignPattern" */ = {
			isa = XCConfigurationList;
			buildConfigurations = (
				752AB3C122A78FBB00710351 /* Debug */,
				752AB3C222A78FBB00710351 /* Release */,
			);
			defaultConfigurationIsVisible = 0;
			defaultConfigurationName = Release;
		};
		752AB3C322A78FBB00710351 /* Build configuration list for PBXNativeTarget "DesignPattern" */ = {
			isa = XCConfigurationList;
			buildConfigurations = (
				752AB3C422A78FBB00710351 /* Debug */,
				752AB3C522A78FBB00710351 /* Release */,
			);
			defaultConfigurationIsVisible = 0;
			defaultConfigurationName = Release;
		};
/* End XCConfigurationList section */
	};
	rootObject = 752AB3A922A78FB000710351 /* Project object */;
}
